schema: '2.0'
stages:
  prepare_data:
    cmd: python -m src.prepare_data
    deps:
    - path: data/eco2mix-regional-cons-def.csv
      hash: md5
      md5: 5defb9f3b612df828dfc0a5f7a3fa94f
      size: 457355389
    - path: src/prepare_data.py
      hash: md5
      md5: f8fa5cafb476ada56c31703ab810435e
      size: 1572
    outs:
    - path: data/eco2mix.csv
      hash: md5
      md5: e4cbc5c0a8b48efc3ecd8f2fb0f4bf89
      size: 8279732
    - path: data/eco2mix_regional.csv
      hash: md5
      md5: 437973128a9b6df53445594250000093
      size: 144122514
  train:
    cmd: python -m src.train
    deps:
    - path: data/eco2mix.csv
      hash: md5
      md5: e4cbc5c0a8b48efc3ecd8f2fb0f4bf89
      size: 8279732
    - path: data/recent.csv
      hash: md5
      md5: 47dee7326c62e32dbe8f54b5544b72b2
      size: 142897
    - path: src/features.py
      hash: md5
      md5: e8f6d55b793e18f879ac672f339589ec
      size: 1323
    - path: src/models.py
      hash: md5
      md5: 0f9a4e47753567fd0bbedc97a8e4344b
      size: 1570
    - path: src/train.py
      hash: md5
      md5: 704ad9ff2c49afdfd6642ff4f3246103
      size: 9561
    params:
      params.yaml:
        lightgbm:
          learning_rate: 0.05
          n_estimators: 2000
          num_leaves: 127
          min_child_samples: 100
          colsample_bytree: 0.9
          reg_lambda: 0.0
          early_stopping_rounds: 50
        split:
          test_months: 3
          validation_months: 1
    outs:
    - path: reports/model_comparison.png
      hash: md5
      md5: 8fddd0da2dd606e0d86637470436481e
      size: 33287
    - path: reports/train_metrics.json
      hash: md5
      md5: 3760459278af0e3d5627ff14cb1eeddb
      size: 1424
  fetch_recent:
    cmd: python -m src.data
    deps:
    - path: data/eco2mix.csv
      hash: md5
      md5: e4cbc5c0a8b48efc3ecd8f2fb0f4bf89
      size: 8279732
    - path: src/data.py
      hash: md5
      md5: 26327b0d79dd0a21a62a2d0c232cbf44
      size: 3484
    outs:
    - path: data/recent.csv
      hash: md5
      md5: 47dee7326c62e32dbe8f54b5544b72b2
      size: 142897
  evaluate:
    cmd: python -m src.evaluate
    deps:
    - path: reports/train_metrics.json
      hash: md5
      md5: 3760459278af0e3d5627ff14cb1eeddb
      size: 1424
    - path: src/evaluate.py
      hash: md5
      md5: eb720e786a6e1ec206d868a7f748e929
      size: 3766
    outs:
    - path: reports/error_by_hour.png
      hash: md5
      md5: f9f85bb5c782e64cc85307f9cde40932
      size: 28711
    - path: reports/evaluation.json
      hash: md5
      md5: 954b382fd5c23774bb373a490306587d
      size: 372
    - path: reports/forecast_test.png
      hash: md5
      md5: 3c18fd6153543a7afcc7bbb5f38fa240
      size: 152967
